
Microsoft Visual Studio Solution File, Format Version 12.00
# Visual Studio Version 17
VisualStudioVersion = 17.4.33213.308
MinimumVisualStudioVersion = 10.0.40219.1
Project("{FAE04EC0-301F-11D3-BF4B-00C04F79EFBC}") = "HeadhunterWPF", "HeadhunterWPF\HeadhunterWPF.csproj", "{258B0894-207B-4138-9CEA-EBCBCA6F4785}"
EndProject
Project("{FAE04EC0-301F-11D3-BF4B-00C04F79EFBC}") = "HeadhunterClientAPI", "HeadhunterClientAPI\HeadhunterClientAPI.csproj", "{914A77E7-A53D-4F6B-9F7F-E99AD14738E6}"
EndProject
Global
	GlobalSection(SolutionConfigurationPlatforms) = preSolution
		Debug|Any CPU = Debug|Any CPU
		Release|Any CPU = Release|Any CPU
	EndGlobalSection
	GlobalSection(ProjectConfigurationPlatforms) = postSolution
		{258B0894-207B-4138-9CEA-EBCBCA6F4785}.Debug|Any CPU.ActiveCfg = Debug|Any CPU
		{258B0894-207B-4138-9CEA-EBCBCA6F4785}.Debug|Any CPU.Build.0 = Debug|Any CPU
		{258B0894-207B-4138-9CEA-EBCBCA6F4785}.Release|Any CPU.ActiveCfg = Release|Any CPU
		{258B0894-207B-4138-9CEA-EBCBCA6F4785}.Release|Any CPU.Build.0 = Release|Any CPU
		{914A77E7-A53D-4F6B-9F7F-E99AD14738E6}.Debug|Any CPU.ActiveCfg = Debug|Any CPU
		{914A77E7-A53D-4F6B-9F7F-E99AD14738E6}.Debug|Any CPU.Build.0 = Debug|Any CPU
		{914A77E7-A53D-4F6B-9F7F-E99AD14738E6}.Release|Any CPU.ActiveCfg = Release|Any CPU
		{914A77E7-A53D-4F6B-9F7F-E99AD14738E6}.Release|Any CPU.Build.0 = Release|Any CPU
	EndGlobalSection
	GlobalSection(SolutionProperties) = preSolution
		HideSolutionNode = FALSE
	EndGlobalSection
	GlobalSection(ExtensibilityGlobals) = postSolution
		SolutionGuid = {8F015CA7-65BD-46E6-9428-4D9D26DCEBB0}
	EndGlobalSection
EndGlobal
